{
  "originHash" : "f595971694cd723250a1928a0803663dd380fb2f173c4dab567d4d46e646cdcb",
  "pins" : [
    {
      "identity" : "nfcpassportreader",
      "kind" : "remoteSourceControl",
      "location" : "https://github.com/AndyQ/NFCPassportReader",
      "state" : {
        "revision" : "7dfc19c358697d4b083adc3c6fbc55a2385d9fa9",
        "version" : "2.3.1"
      }
    },
    {
      "identity" : "openssl-package",
      "kind" : "remoteSourceControl",
      "location" : "https://github.com/krzyzanowskim/OpenSSL-Package.git",
      "state" : {
        "revision" : "71dbe0b4514cdaad95961470db72e8231f5943a6",
        "version" : "3.3.3001"
      }
    }
  ],
  "version" : 3
}
